
Microsoft Visual Studio Solution File, Format Version 12.00
# Visual Studio Version 16
VisualStudioVersion = 16.0.30406.217
MinimumVisualStudioVersion = 10.0.40219.1
Project("{FAE04EC0-301F-11D3-BF4B-00C04F79EFBC}") = "Winform_SQL_DB_Project_B", "Winform_SQL_DB_Project_B\Winform_SQL_DB_Project_B.csproj", "{EEF477B3-3A43-413E-8A05-923F67131F48}"
EndProject
Global
	GlobalSection(SolutionConfigurationPlatforms) = preSolution
		Debug|Any CPU = Debug|Any CPU
		Release|Any CPU = Release|Any CPU
	EndGlobalSection
	GlobalSection(ProjectConfigurationPlatforms) = postSolution
		{EEF477B3-3A43-413E-8A05-923F67131F48}.Debug|Any CPU.ActiveCfg = Debug|Any CPU
		{EEF477B3-3A43-413E-8A05-923F67131F48}.Debug|Any CPU.Build.0 = Debug|Any CPU
		{EEF477B3-3A43-413E-8A05-923F67131F48}.Release|Any CPU.ActiveCfg = Release|Any CPU
		{EEF477B3-3A43-413E-8A05-923F67131F48}.Release|Any CPU.Build.0 = Release|Any CPU
	EndGlobalSection
	GlobalSection(SolutionProperties) = preSolution
		HideSolutionNode = FALSE
	EndGlobalSection
	GlobalSection(ExtensibilityGlobals) = postSolution
		SolutionGuid = {E6F74ADD-245C-4461-9374-77FF59FE4925}
	EndGlobalSection
EndGlobal
